
Microsoft Visual Studio Solution File, Format Version 12.00
# Visual Studio 14
VisualStudioVersion = 14.0.25420.1
MinimumVisualStudioVersion = 10.0.40219.1
Project("{FAE04EC0-301F-11D3-BF4B-00C04F79EFBC}") = "GiftShopModel", "GiftShop\GiftShopModel.csproj", "{823D6CBE-3D44-4452-9E33-B58F2E43C9B7}"
EndProject
Project("{FAE04EC0-301F-11D3-BF4B-00C04F79EFBC}") = "GiftShopService", "GiftShopService\GiftShopService.csproj", "{A3B9A632-46BD-4FF7-84BA-8FB02C69B424}"
EndProject
Project("{FAE04EC0-301F-11D3-BF4B-00C04F79EFBC}") = "GiftShopView", "GiftShopView\GiftShopView.csproj", "{B2243ADC-9A10-425B-AB9E-5D7281608E97}"
EndProject
Global
	GlobalSection(SolutionConfigurationPlatforms) = preSolution
		Debug|Any CPU = Debug|Any CPU
		Release|Any CPU = Release|Any CPU
	EndGlobalSection
	GlobalSection(ProjectConfigurationPlatforms) = postSolution
		{823D6CBE-3D44-4452-9E33-B58F2E43C9B7}.Debug|Any CPU.ActiveCfg = Debug|Any CPU
		{823D6CBE-3D44-4452-9E33-B58F2E43C9B7}.Debug|Any CPU.Build.0 = Debug|Any CPU
		{823D6CBE-3D44-4452-9E33-B58F2E43C9B7}.Release|Any CPU.ActiveCfg = Release|Any CPU
		{823D6CBE-3D44-4452-9E33-B58F2E43C9B7}.Release|Any CPU.Build.0 = Release|Any CPU
		{A3B9A632-46BD-4FF7-84BA-8FB02C69B424}.Debug|Any CPU.ActiveCfg = Debug|Any CPU
		{A3B9A632-46BD-4FF7-84BA-8FB02C69B424}.Debug|Any CPU.Build.0 = Debug|Any CPU
		{A3B9A632-46BD-4FF7-84BA-8FB02C69B424}.Release|Any CPU.ActiveCfg = Release|Any CPU
		{A3B9A632-46BD-4FF7-84BA-8FB02C69B424}.Release|Any CPU.Build.0 = Release|Any CPU
		{B2243ADC-9A10-425B-AB9E-5D7281608E97}.Debug|Any CPU.ActiveCfg = Debug|Any CPU
		{B2243ADC-9A10-425B-AB9E-5D7281608E97}.Debug|Any CPU.Build.0 = Debug|Any CPU
		{B2243ADC-9A10-425B-AB9E-5D7281608E97}.Release|Any CPU.ActiveCfg = Release|Any CPU
		{B2243ADC-9A10-425B-AB9E-5D7281608E97}.Release|Any CPU.Build.0 = Release|Any CPU
	EndGlobalSection
	GlobalSection(SolutionProperties) = preSolution
		HideSolutionNode = FALSE
	EndGlobalSection
EndGlobal
